
Microsoft Visual Studio Solution File, Format Version 12.00
# Visual Studio Version 17
VisualStudioVersion = 17.6.33712.159
MinimumVisualStudioVersion = 10.0.40219.1
Project("{FAE04EC0-301F-11D3-BF4B-00C04F79EFBC}") = "wahong_demoMVC", "wahong_demoMVC\wahong_demoMVC.csproj", "{293B301D-4D0D-4E8C-BDB4-04571BC8B4CA}"
EndProject
Global
	GlobalSection(SolutionConfigurationPlatforms) = preSolution
		Debug|Any CPU = Debug|Any CPU
		Release|Any CPU = Release|Any CPU
	EndGlobalSection
	GlobalSection(ProjectConfigurationPlatforms) = postSolution
		{293B301D-4D0D-4E8C-BDB4-04571BC8B4CA}.Debug|Any CPU.ActiveCfg = Debug|Any CPU
		{293B301D-4D0D-4E8C-BDB4-04571BC8B4CA}.Debug|Any CPU.Build.0 = Debug|Any CPU
		{293B301D-4D0D-4E8C-BDB4-04571BC8B4CA}.Release|Any CPU.ActiveCfg = Release|Any CPU
		{293B301D-4D0D-4E8C-BDB4-04571BC8B4CA}.Release|Any CPU.Build.0 = Release|Any CPU
	EndGlobalSection
	GlobalSection(SolutionProperties) = preSolution
		HideSolutionNode = FALSE
	EndGlobalSection
	GlobalSection(ExtensibilityGlobals) = postSolution
		SolutionGuid = {36A067D2-08F0-42CA-B077-94CDFB2C1B32}
	EndGlobalSection
EndGlobal
